
Microsoft Visual Studio Solution File, Format Version 12.00
# Visual Studio Version 16
VisualStudioVersion = 16.0.31313.79
MinimumVisualStudioVersion = 10.0.40219.1
Project("{9A19103F-16F7-4668-BE54-9A1E7A4F7556}") = "Console Programlama", "Console Programlama\Console Programlama.csproj", "{89A260D9-82D1-4918-87DB-3ABFC2534FA5}"
EndProject
Project("{9A19103F-16F7-4668-BE54-9A1E7A4F7556}") = "Degiskenler", "Degiskenler\Degiskenler.csproj", "{FCB609EB-F632-4B35-BBAE-B802D9875813}"
EndProject
Project("{9A19103F-16F7-4668-BE54-9A1E7A4F7556}") = "Operatorler", "Operatorler\Operatorler.csproj", "{16D89E57-9B85-43D0-A1AD-5F937DD418CD}"
EndProject
Project("{FAE04EC0-301F-11D3-BF4B-00C04F79EFBC}") = "Tip Donusumleri", "Tip Donusumleri\Tip Donusumleri.csproj", "{F46FBD9F-12CF-4D41-88A6-F93338CE86F8}"
EndProject
Project("{FAE04EC0-301F-11D3-BF4B-00C04F79EFBC}") = "Hata Yonetimi", "Hata Yonetimi\Hata Yonetimi.csproj", "{5166E9AF-A72F-4F30-84C8-B827C17A9F0E}"
EndProject
Project("{FAE04EC0-301F-11D3-BF4B-00C04F79EFBC}") = "if-else-if", "if-else-if\if-else-if.csproj", "{8F68A502-6A6E-483D-93E0-466CAA30542A}"
EndProject
Global
	GlobalSection(SolutionConfigurationPlatforms) = preSolution
		Debug|Any CPU = Debug|Any CPU
		Release|Any CPU = Release|Any CPU
	EndGlobalSection
	GlobalSection(ProjectConfigurationPlatforms) = postSolution
		{89A260D9-82D1-4918-87DB-3ABFC2534FA5}.Debug|Any CPU.ActiveCfg = Debug|Any CPU
		{89A260D9-82D1-4918-87DB-3ABFC2534FA5}.Debug|Any CPU.Build.0 = Debug|Any CPU
		{89A260D9-82D1-4918-87DB-3ABFC2534FA5}.Release|Any CPU.ActiveCfg = Release|Any CPU
		{89A260D9-82D1-4918-87DB-3ABFC2534FA5}.Release|Any CPU.Build.0 = Release|Any CPU
		{FCB609EB-F632-4B35-BBAE-B802D9875813}.Debug|Any CPU.ActiveCfg = Debug|Any CPU
		{FCB609EB-F632-4B35-BBAE-B802D9875813}.Debug|Any CPU.Build.0 = Debug|Any CPU
		{FCB609EB-F632-4B35-BBAE-B802D9875813}.Release|Any CPU.ActiveCfg = Release|Any CPU
		{FCB609EB-F632-4B35-BBAE-B802D9875813}.Release|Any CPU.Build.0 = Release|Any CPU
		{16D89E57-9B85-43D0-A1AD-5F937DD418CD}.Debug|Any CPU.ActiveCfg = Debug|Any CPU
		{16D89E57-9B85-43D0-A1AD-5F937DD418CD}.Debug|Any CPU.Build.0 = Debug|Any CPU
		{16D89E57-9B85-43D0-A1AD-5F937DD418CD}.Release|Any CPU.ActiveCfg = Release|Any CPU
		{16D89E57-9B85-43D0-A1AD-5F937DD418CD}.Release|Any CPU.Build.0 = Release|Any CPU
		{F46FBD9F-12CF-4D41-88A6-F93338CE86F8}.Debug|Any CPU.ActiveCfg = Debug|Any CPU
		{F46FBD9F-12CF-4D41-88A6-F93338CE86F8}.Debug|Any CPU.Build.0 = Debug|Any CPU
		{F46FBD9F-12CF-4D41-88A6-F93338CE86F8}.Release|Any CPU.ActiveCfg = Release|Any CPU
		{F46FBD9F-12CF-4D41-88A6-F93338CE86F8}.Release|Any CPU.Build.0 = Release|Any CPU
		{5166E9AF-A72F-4F30-84C8-B827C17A9F0E}.Debug|Any CPU.ActiveCfg = Debug|Any CPU
		{5166E9AF-A72F-4F30-84C8-B827C17A9F0E}.Debug|Any CPU.Build.0 = Debug|Any CPU
		{5166E9AF-A72F-4F30-84C8-B827C17A9F0E}.Release|Any CPU.ActiveCfg = Release|Any CPU
		{5166E9AF-A72F-4F30-84C8-B827C17A9F0E}.Release|Any CPU.Build.0 = Release|Any CPU
		{8F68A502-6A6E-483D-93E0-466CAA30542A}.Debug|Any CPU.ActiveCfg = Debug|Any CPU
		{8F68A502-6A6E-483D-93E0-466CAA30542A}.Debug|Any CPU.Build.0 = Debug|Any CPU
		{8F68A502-6A6E-483D-93E0-466CAA30542A}.Release|Any CPU.ActiveCfg = Release|Any CPU
		{8F68A502-6A6E-483D-93E0-466CAA30542A}.Release|Any CPU.Build.0 = Release|Any CPU
	EndGlobalSection
	GlobalSection(SolutionProperties) = preSolution
		HideSolutionNode = FALSE
	EndGlobalSection
	GlobalSection(ExtensibilityGlobals) = postSolution
		SolutionGuid = {233A9ADD-6DB9-468A-8FD5-F246090FEDD0}
	EndGlobalSection
EndGlobal
