
Microsoft Visual Studio Solution File, Format Version 12.00
# Visual Studio Version 16
VisualStudioVersion = 16.0.31313.79
MinimumVisualStudioVersion = 10.0.40219.1
Project("{9A19103F-16F7-4668-BE54-9A1E7A4F7556}") = "Console Programlama", "Console Programlama\Console Programlama.csproj", "{89A260D9-82D1-4918-87DB-3ABFC2534FA5}"
EndProject
Project("{9A19103F-16F7-4668-BE54-9A1E7A4F7556}") = "Degiskenler", "Degiskenler\Degiskenler.csproj", "{FCB609EB-F632-4B35-BBAE-B802D9875813}"
EndProject
Project("{9A19103F-16F7-4668-BE54-9A1E7A4F7556}") = "Operatorler", "Operatorler\Operatorler.csproj", "{16D89E57-9B85-43D0-A1AD-5F937DD418CD}"
EndProject
Project("{9A19103F-16F7-4668-BE54-9A1E7A4F7556}") = "Tip Donusumleri", "Tip Donusumleri\Tip Donusumleri.csproj", "{F46FBD9F-12CF-4D41-88A6-F93338CE86F8}"
EndProject
Project("{9A19103F-16F7-4668-BE54-9A1E7A4F7556}") = "Hata Yonetimi", "Hata Yonetimi\Hata Yonetimi.csproj", "{5166E9AF-A72F-4F30-84C8-B827C17A9F0E}"
EndProject
Project("{9A19103F-16F7-4668-BE54-9A1E7A4F7556}") = "if-else-if", "if-else-if\if-else-if.csproj", "{8F68A502-6A6E-483D-93E0-466CAA30542A}"
EndProject
Project("{9A19103F-16F7-4668-BE54-9A1E7A4F7556}") = "switch-case", "switch-case\switch-case.csproj", "{5DE65039-3110-47E0-AAD7-994FD7BEC06D}"
EndProject
Project("{9A19103F-16F7-4668-BE54-9A1E7A4F7556}") = "For Loop", "For Loop\For Loop.csproj", "{A10498B1-1187-443A-A3DA-0DE70EE880EE}"
EndProject
Project("{9A19103F-16F7-4668-BE54-9A1E7A4F7556}") = "While-Foreach", "While-Foreach\While-Foreach.csproj", "{89D9EA42-B1E9-4D21-B1F8-B44E9D8583A0}"
EndProject
Project("{9A19103F-16F7-4668-BE54-9A1E7A4F7556}") = "Arrays", "Arrays\Arrays.csproj", "{F8A1287D-41CC-4BBE-972E-6F1FC8D40E78}"
EndProject
Project("{9A19103F-16F7-4668-BE54-9A1E7A4F7556}") = "Arrays Methods", "Arrays Methods\Arrays Methods.csproj", "{C50E053B-5602-4265-9D30-5C18BB179678}"
EndProject
Project("{9A19103F-16F7-4668-BE54-9A1E7A4F7556}") = "metotlar", "metotlar\metotlar.csproj", "{402DB204-4F87-449F-9DF9-20E723A1D90E}"
EndProject
Project("{9A19103F-16F7-4668-BE54-9A1E7A4F7556}") = "metot-overloading", "metot-overloading\metot-overloading.csproj", "{49A27F7C-D3E8-427E-9FA5-9A9BF9F13F66}"
EndProject
Project("{9A19103F-16F7-4668-BE54-9A1E7A4F7556}") = "recursive extension metotlar", "recursive extension metotlar\recursive extension metotlar.csproj", "{046D4BD7-20A8-4BC0-ACB0-F74F66EFB6FE}"
EndProject
Project("{9A19103F-16F7-4668-BE54-9A1E7A4F7556}") = "Odev-1", "Odev-1\Odev-1.csproj", "{33638EF6-B9E4-41E3-87B3-AC7C03304C3C}"
EndProject
Project("{9A19103F-16F7-4668-BE54-9A1E7A4F7556}") = "hazir metotlar string", "hazir metotlar string\hazir metotlar string.csproj", "{B638D9CC-1D39-4775-A290-06E5CC951C3B}"
EndProject
Project("{9A19103F-16F7-4668-BE54-9A1E7A4F7556}") = "hazir metotlar datetime math", "hazir metotlar datetime math\hazir metotlar datetime math.csproj", "{6AE451B9-965B-4B63-9C45-7D1C86EF7D39}"
EndProject
Project("{9A19103F-16F7-4668-BE54-9A1E7A4F7556}") = "generic list", "generic list\generic list.csproj", "{B0A89FA8-25A8-4F6A-9970-9F93E10AACC5}"
EndProject
Project("{9A19103F-16F7-4668-BE54-9A1E7A4F7556}") = "arrayList", "arrayList\arrayList.csproj", "{4B0D5EA6-B3F4-486A-97CC-6327FDA2A80B}"
EndProject
Project("{9A19103F-16F7-4668-BE54-9A1E7A4F7556}") = "CollectionQuestion1", "CollectionQuestion1\CollectionQuestion1.csproj", "{3F4305F0-1DA0-4484-8451-3F08CD71DDAE}"
EndProject
Global
	GlobalSection(SolutionConfigurationPlatforms) = preSolution
		Debug|Any CPU = Debug|Any CPU
		Release|Any CPU = Release|Any CPU
	EndGlobalSection
	GlobalSection(ProjectConfigurationPlatforms) = postSolution
		{89A260D9-82D1-4918-87DB-3ABFC2534FA5}.Debug|Any CPU.ActiveCfg = Debug|Any CPU
		{89A260D9-82D1-4918-87DB-3ABFC2534FA5}.Debug|Any CPU.Build.0 = Debug|Any CPU
		{89A260D9-82D1-4918-87DB-3ABFC2534FA5}.Release|Any CPU.ActiveCfg = Release|Any CPU
		{89A260D9-82D1-4918-87DB-3ABFC2534FA5}.Release|Any CPU.Build.0 = Release|Any CPU
		{FCB609EB-F632-4B35-BBAE-B802D9875813}.Debug|Any CPU.ActiveCfg = Debug|Any CPU
		{FCB609EB-F632-4B35-BBAE-B802D9875813}.Debug|Any CPU.Build.0 = Debug|Any CPU
		{FCB609EB-F632-4B35-BBAE-B802D9875813}.Release|Any CPU.ActiveCfg = Release|Any CPU
		{FCB609EB-F632-4B35-BBAE-B802D9875813}.Release|Any CPU.Build.0 = Release|Any CPU
		{16D89E57-9B85-43D0-A1AD-5F937DD418CD}.Debug|Any CPU.ActiveCfg = Debug|Any CPU
		{16D89E57-9B85-43D0-A1AD-5F937DD418CD}.Debug|Any CPU.Build.0 = Debug|Any CPU
		{16D89E57-9B85-43D0-A1AD-5F937DD418CD}.Release|Any CPU.ActiveCfg = Release|Any CPU
		{16D89E57-9B85-43D0-A1AD-5F937DD418CD}.Release|Any CPU.Build.0 = Release|Any CPU
		{F46FBD9F-12CF-4D41-88A6-F93338CE86F8}.Debug|Any CPU.ActiveCfg = Debug|Any CPU
		{F46FBD9F-12CF-4D41-88A6-F93338CE86F8}.Debug|Any CPU.Build.0 = Debug|Any CPU
		{F46FBD9F-12CF-4D41-88A6-F93338CE86F8}.Release|Any CPU.ActiveCfg = Release|Any CPU
		{F46FBD9F-12CF-4D41-88A6-F93338CE86F8}.Release|Any CPU.Build.0 = Release|Any CPU
		{5166E9AF-A72F-4F30-84C8-B827C17A9F0E}.Debug|Any CPU.ActiveCfg = Debug|Any CPU
		{5166E9AF-A72F-4F30-84C8-B827C17A9F0E}.Debug|Any CPU.Build.0 = Debug|Any CPU
		{5166E9AF-A72F-4F30-84C8-B827C17A9F0E}.Release|Any CPU.ActiveCfg = Release|Any CPU
		{5166E9AF-A72F-4F30-84C8-B827C17A9F0E}.Release|Any CPU.Build.0 = Release|Any CPU
		{8F68A502-6A6E-483D-93E0-466CAA30542A}.Debug|Any CPU.ActiveCfg = Debug|Any CPU
		{8F68A502-6A6E-483D-93E0-466CAA30542A}.Debug|Any CPU.Build.0 = Debug|Any CPU
		{8F68A502-6A6E-483D-93E0-466CAA30542A}.Release|Any CPU.ActiveCfg = Release|Any CPU
		{8F68A502-6A6E-483D-93E0-466CAA30542A}.Release|Any CPU.Build.0 = Release|Any CPU
		{5DE65039-3110-47E0-AAD7-994FD7BEC06D}.Debug|Any CPU.ActiveCfg = Debug|Any CPU
		{5DE65039-3110-47E0-AAD7-994FD7BEC06D}.Debug|Any CPU.Build.0 = Debug|Any CPU
		{5DE65039-3110-47E0-AAD7-994FD7BEC06D}.Release|Any CPU.ActiveCfg = Release|Any CPU
		{5DE65039-3110-47E0-AAD7-994FD7BEC06D}.Release|Any CPU.Build.0 = Release|Any CPU
		{A10498B1-1187-443A-A3DA-0DE70EE880EE}.Debug|Any CPU.ActiveCfg = Debug|Any CPU
		{A10498B1-1187-443A-A3DA-0DE70EE880EE}.Debug|Any CPU.Build.0 = Debug|Any CPU
		{A10498B1-1187-443A-A3DA-0DE70EE880EE}.Release|Any CPU.ActiveCfg = Release|Any CPU
		{A10498B1-1187-443A-A3DA-0DE70EE880EE}.Release|Any CPU.Build.0 = Release|Any CPU
		{89D9EA42-B1E9-4D21-B1F8-B44E9D8583A0}.Debug|Any CPU.ActiveCfg = Debug|Any CPU
		{89D9EA42-B1E9-4D21-B1F8-B44E9D8583A0}.Debug|Any CPU.Build.0 = Debug|Any CPU
		{89D9EA42-B1E9-4D21-B1F8-B44E9D8583A0}.Release|Any CPU.ActiveCfg = Release|Any CPU
		{89D9EA42-B1E9-4D21-B1F8-B44E9D8583A0}.Release|Any CPU.Build.0 = Release|Any CPU
		{F8A1287D-41CC-4BBE-972E-6F1FC8D40E78}.Debug|Any CPU.ActiveCfg = Debug|Any CPU
		{F8A1287D-41CC-4BBE-972E-6F1FC8D40E78}.Debug|Any CPU.Build.0 = Debug|Any CPU
		{F8A1287D-41CC-4BBE-972E-6F1FC8D40E78}.Release|Any CPU.ActiveCfg = Release|Any CPU
		{F8A1287D-41CC-4BBE-972E-6F1FC8D40E78}.Release|Any CPU.Build.0 = Release|Any CPU
		{C50E053B-5602-4265-9D30-5C18BB179678}.Debug|Any CPU.ActiveCfg = Debug|Any CPU
		{C50E053B-5602-4265-9D30-5C18BB179678}.Debug|Any CPU.Build.0 = Debug|Any CPU
		{C50E053B-5602-4265-9D30-5C18BB179678}.Release|Any CPU.ActiveCfg = Release|Any CPU
		{C50E053B-5602-4265-9D30-5C18BB179678}.Release|Any CPU.Build.0 = Release|Any CPU
		{402DB204-4F87-449F-9DF9-20E723A1D90E}.Debug|Any CPU.ActiveCfg = Debug|Any CPU
		{402DB204-4F87-449F-9DF9-20E723A1D90E}.Debug|Any CPU.Build.0 = Debug|Any CPU
		{402DB204-4F87-449F-9DF9-20E723A1D90E}.Release|Any CPU.ActiveCfg = Release|Any CPU
		{402DB204-4F87-449F-9DF9-20E723A1D90E}.Release|Any CPU.Build.0 = Release|Any CPU
		{49A27F7C-D3E8-427E-9FA5-9A9BF9F13F66}.Debug|Any CPU.ActiveCfg = Debug|Any CPU
		{49A27F7C-D3E8-427E-9FA5-9A9BF9F13F66}.Debug|Any CPU.Build.0 = Debug|Any CPU
		{49A27F7C-D3E8-427E-9FA5-9A9BF9F13F66}.Release|Any CPU.ActiveCfg = Release|Any CPU
		{49A27F7C-D3E8-427E-9FA5-9A9BF9F13F66}.Release|Any CPU.Build.0 = Release|Any CPU
		{046D4BD7-20A8-4BC0-ACB0-F74F66EFB6FE}.Debug|Any CPU.ActiveCfg = Debug|Any CPU
		{046D4BD7-20A8-4BC0-ACB0-F74F66EFB6FE}.Debug|Any CPU.Build.0 = Debug|Any CPU
		{046D4BD7-20A8-4BC0-ACB0-F74F66EFB6FE}.Release|Any CPU.ActiveCfg = Release|Any CPU
		{046D4BD7-20A8-4BC0-ACB0-F74F66EFB6FE}.Release|Any CPU.Build.0 = Release|Any CPU
		{33638EF6-B9E4-41E3-87B3-AC7C03304C3C}.Debug|Any CPU.ActiveCfg = Debug|Any CPU
		{33638EF6-B9E4-41E3-87B3-AC7C03304C3C}.Debug|Any CPU.Build.0 = Debug|Any CPU
		{33638EF6-B9E4-41E3-87B3-AC7C03304C3C}.Release|Any CPU.ActiveCfg = Release|Any CPU
		{33638EF6-B9E4-41E3-87B3-AC7C03304C3C}.Release|Any CPU.Build.0 = Release|Any CPU
		{B638D9CC-1D39-4775-A290-06E5CC951C3B}.Debug|Any CPU.ActiveCfg = Debug|Any CPU
		{B638D9CC-1D39-4775-A290-06E5CC951C3B}.Debug|Any CPU.Build.0 = Debug|Any CPU
		{B638D9CC-1D39-4775-A290-06E5CC951C3B}.Release|Any CPU.ActiveCfg = Release|Any CPU
		{B638D9CC-1D39-4775-A290-06E5CC951C3B}.Release|Any CPU.Build.0 = Release|Any CPU
		{6AE451B9-965B-4B63-9C45-7D1C86EF7D39}.Debug|Any CPU.ActiveCfg = Debug|Any CPU
		{6AE451B9-965B-4B63-9C45-7D1C86EF7D39}.Debug|Any CPU.Build.0 = Debug|Any CPU
		{6AE451B9-965B-4B63-9C45-7D1C86EF7D39}.Release|Any CPU.ActiveCfg = Release|Any CPU
		{6AE451B9-965B-4B63-9C45-7D1C86EF7D39}.Release|Any CPU.Build.0 = Release|Any CPU
		{B0A89FA8-25A8-4F6A-9970-9F93E10AACC5}.Debug|Any CPU.ActiveCfg = Debug|Any CPU
		{B0A89FA8-25A8-4F6A-9970-9F93E10AACC5}.Debug|Any CPU.Build.0 = Debug|Any CPU
		{B0A89FA8-25A8-4F6A-9970-9F93E10AACC5}.Release|Any CPU.ActiveCfg = Release|Any CPU
		{B0A89FA8-25A8-4F6A-9970-9F93E10AACC5}.Release|Any CPU.Build.0 = Release|Any CPU
		{4B0D5EA6-B3F4-486A-97CC-6327FDA2A80B}.Debug|Any CPU.ActiveCfg = Debug|Any CPU
		{4B0D5EA6-B3F4-486A-97CC-6327FDA2A80B}.Debug|Any CPU.Build.0 = Debug|Any CPU
		{4B0D5EA6-B3F4-486A-97CC-6327FDA2A80B}.Release|Any CPU.ActiveCfg = Release|Any CPU
		{4B0D5EA6-B3F4-486A-97CC-6327FDA2A80B}.Release|Any CPU.Build.0 = Release|Any CPU
		{3F4305F0-1DA0-4484-8451-3F08CD71DDAE}.Debug|Any CPU.ActiveCfg = Debug|Any CPU
		{3F4305F0-1DA0-4484-8451-3F08CD71DDAE}.Debug|Any CPU.Build.0 = Debug|Any CPU
		{3F4305F0-1DA0-4484-8451-3F08CD71DDAE}.Release|Any CPU.ActiveCfg = Release|Any CPU
		{3F4305F0-1DA0-4484-8451-3F08CD71DDAE}.Release|Any CPU.Build.0 = Release|Any CPU
	EndGlobalSection
	GlobalSection(SolutionProperties) = preSolution
		HideSolutionNode = FALSE
	EndGlobalSection
	GlobalSection(ExtensibilityGlobals) = postSolution
		SolutionGuid = {233A9ADD-6DB9-468A-8FD5-F246090FEDD0}
	EndGlobalSection
EndGlobal
